
Microsoft Visual Studio Solution File, Format Version 12.00
# Visual Studio Version 17
VisualStudioVersion = 17.1.32210.238
MinimumVisualStudioVersion = 10.0.40219.1
Project("{2150E333-8FDC-42A3-9474-1A3956D46DE8}") = "mods", "mods", "{01E24E07-87F2-490D-A439-EBFE9A34C27E}"
EndProject
Project("{2150E333-8FDC-42A3-9474-1A3956D46DE8}") = "lib", "lib", "{B1DFC1DD-D54C-4F3A-BFFC-C33B037F560E}"
EndProject
Project("{2150E333-8FDC-42A3-9474-1A3956D46DE8}") = "vendor", "vendor", "{593F365E-A666-4E50-96A7-671063B429B4}"
EndProject
Project("{8BC9CEB8-8B4A-11D0-8D11-00A0C91BC942}") = "sandbox", "mods\sandbox\sandbox.vcxproj", "{DE5BAEB9-EB61-4B2B-86A3-E2A076534968}"
EndProject
Project("{8BC9CEB8-8B4A-11D0-8D11-00A0C91BC942}") = "imgui", "vendor\imgui\imgui.vcxproj", "{C3B97EC3-B8D5-4CC3-B204-6D25EBDCC3A5}"
EndProject
Project("{8BC9CEB8-8B4A-11D0-8D11-00A0C91BC942}") = "detours", "vendor\detours\detours.vcxproj", "{DA044CAF-DB3D-4FAD-ACB0-540C90550383}"
EndProject
Project("{8BC9CEB8-8B4A-11D0-8D11-00A0C91BC942}") = "yaml-cpp", "vendor\yaml-cpp\yaml-cpp.vcxproj", "{A9AF42D0-BEC3-49C8-8C5F-5DF7A286B9B8}"
EndProject
Project("{8BC9CEB8-8B4A-11D0-8D11-00A0C91BC942}") = "utility", "lib\utility\utility.vcxproj", "{BF9A7B54-5F8E-4294-996A-6D87797923E3}"
EndProject
Project("{8BC9CEB8-8B4A-11D0-8D11-00A0C91BC942}") = "burnout-paradise-api", "lib\burnout-paradise-api\burnout-paradise-api.vcxproj", "{EE4B2B4F-D4AE-48FC-B793-FEFDDEEE93D2}"
EndProject
Project("{8BC9CEB8-8B4A-11D0-8D11-00A0C91BC942}") = "free-camera", "mods\free-camera\free-camera.vcxproj", "{E9B38FD0-8982-4C06-9B20-FE1DCAF52032}"
EndProject
Project("{8BC9CEB8-8B4A-11D0-8D11-00A0C91BC942}") = "exception-reporter", "mods\exception-reporter\exception-reporter.vcxproj", "{9510365D-DA8B-43FF-9F41-B0FAF96FDCBD}"
EndProject
Global
	GlobalSection(SolutionConfigurationPlatforms) = preSolution
		Debug|x64 = Debug|x64
		Debug|x86 = Debug|x86
		Release|x64 = Release|x64
		Release|x86 = Release|x86
	EndGlobalSection
	GlobalSection(ProjectConfigurationPlatforms) = postSolution
		{DE5BAEB9-EB61-4B2B-86A3-E2A076534968}.Debug|x64.ActiveCfg = Debug|x64
		{DE5BAEB9-EB61-4B2B-86A3-E2A076534968}.Debug|x64.Build.0 = Debug|x64
		{DE5BAEB9-EB61-4B2B-86A3-E2A076534968}.Debug|x86.ActiveCfg = Debug|Win32
		{DE5BAEB9-EB61-4B2B-86A3-E2A076534968}.Debug|x86.Build.0 = Debug|Win32
		{DE5BAEB9-EB61-4B2B-86A3-E2A076534968}.Release|x64.ActiveCfg = Release|x64
		{DE5BAEB9-EB61-4B2B-86A3-E2A076534968}.Release|x64.Build.0 = Release|x64
		{DE5BAEB9-EB61-4B2B-86A3-E2A076534968}.Release|x86.ActiveCfg = Release|Win32
		{DE5BAEB9-EB61-4B2B-86A3-E2A076534968}.Release|x86.Build.0 = Release|Win32
		{C3B97EC3-B8D5-4CC3-B204-6D25EBDCC3A5}.Debug|x64.ActiveCfg = Debug|x64
		{C3B97EC3-B8D5-4CC3-B204-6D25EBDCC3A5}.Debug|x64.Build.0 = Debug|x64
		{C3B97EC3-B8D5-4CC3-B204-6D25EBDCC3A5}.Debug|x86.ActiveCfg = Debug|Win32
		{C3B97EC3-B8D5-4CC3-B204-6D25EBDCC3A5}.Debug|x86.Build.0 = Debug|Win32
		{C3B97EC3-B8D5-4CC3-B204-6D25EBDCC3A5}.Release|x64.ActiveCfg = Release|x64
		{C3B97EC3-B8D5-4CC3-B204-6D25EBDCC3A5}.Release|x64.Build.0 = Release|x64
		{C3B97EC3-B8D5-4CC3-B204-6D25EBDCC3A5}.Release|x86.ActiveCfg = Release|Win32
		{C3B97EC3-B8D5-4CC3-B204-6D25EBDCC3A5}.Release|x86.Build.0 = Release|Win32
		{DA044CAF-DB3D-4FAD-ACB0-540C90550383}.Debug|x64.ActiveCfg = Debug|x64
		{DA044CAF-DB3D-4FAD-ACB0-540C90550383}.Debug|x64.Build.0 = Debug|x64
		{DA044CAF-DB3D-4FAD-ACB0-540C90550383}.Debug|x86.ActiveCfg = Debug|Win32
		{DA044CAF-DB3D-4FAD-ACB0-540C90550383}.Debug|x86.Build.0 = Debug|Win32
		{DA044CAF-DB3D-4FAD-ACB0-540C90550383}.Release|x64.ActiveCfg = Release|x64
		{DA044CAF-DB3D-4FAD-ACB0-540C90550383}.Release|x64.Build.0 = Release|x64
		{DA044CAF-DB3D-4FAD-ACB0-540C90550383}.Release|x86.ActiveCfg = Release|Win32
		{DA044CAF-DB3D-4FAD-ACB0-540C90550383}.Release|x86.Build.0 = Release|Win32
		{A9AF42D0-BEC3-49C8-8C5F-5DF7A286B9B8}.Debug|x64.ActiveCfg = Debug|x64
		{A9AF42D0-BEC3-49C8-8C5F-5DF7A286B9B8}.Debug|x64.Build.0 = Debug|x64
		{A9AF42D0-BEC3-49C8-8C5F-5DF7A286B9B8}.Debug|x86.ActiveCfg = Debug|Win32
		{A9AF42D0-BEC3-49C8-8C5F-5DF7A286B9B8}.Debug|x86.Build.0 = Debug|Win32
		{A9AF42D0-BEC3-49C8-8C5F-5DF7A286B9B8}.Release|x64.ActiveCfg = Release|x64
		{A9AF42D0-BEC3-49C8-8C5F-5DF7A286B9B8}.Release|x64.Build.0 = Release|x64
		{A9AF42D0-BEC3-49C8-8C5F-5DF7A286B9B8}.Release|x86.ActiveCfg = Release|Win32
		{A9AF42D0-BEC3-49C8-8C5F-5DF7A286B9B8}.Release|x86.Build.0 = Release|Win32
		{BF9A7B54-5F8E-4294-996A-6D87797923E3}.Debug|x64.ActiveCfg = Debug|x64
		{BF9A7B54-5F8E-4294-996A-6D87797923E3}.Debug|x64.Build.0 = Debug|x64
		{BF9A7B54-5F8E-4294-996A-6D87797923E3}.Debug|x86.ActiveCfg = Debug|Win32
		{BF9A7B54-5F8E-4294-996A-6D87797923E3}.Debug|x86.Build.0 = Debug|Win32
		{BF9A7B54-5F8E-4294-996A-6D87797923E3}.Release|x64.ActiveCfg = Release|x64
		{BF9A7B54-5F8E-4294-996A-6D87797923E3}.Release|x64.Build.0 = Release|x64
		{BF9A7B54-5F8E-4294-996A-6D87797923E3}.Release|x86.ActiveCfg = Release|Win32
		{BF9A7B54-5F8E-4294-996A-6D87797923E3}.Release|x86.Build.0 = Release|Win32
		{EE4B2B4F-D4AE-48FC-B793-FEFDDEEE93D2}.Debug|x64.ActiveCfg = Debug|x64
		{EE4B2B4F-D4AE-48FC-B793-FEFDDEEE93D2}.Debug|x64.Build.0 = Debug|x64
		{EE4B2B4F-D4AE-48FC-B793-FEFDDEEE93D2}.Debug|x86.ActiveCfg = Debug|Win32
		{EE4B2B4F-D4AE-48FC-B793-FEFDDEEE93D2}.Debug|x86.Build.0 = Debug|Win32
		{EE4B2B4F-D4AE-48FC-B793-FEFDDEEE93D2}.Release|x64.ActiveCfg = Release|x64
		{EE4B2B4F-D4AE-48FC-B793-FEFDDEEE93D2}.Release|x64.Build.0 = Release|x64
		{EE4B2B4F-D4AE-48FC-B793-FEFDDEEE93D2}.Release|x86.ActiveCfg = Release|Win32
		{EE4B2B4F-D4AE-48FC-B793-FEFDDEEE93D2}.Release|x86.Build.0 = Release|Win32
		{E9B38FD0-8982-4C06-9B20-FE1DCAF52032}.Debug|x64.ActiveCfg = Debug|x64
		{E9B38FD0-8982-4C06-9B20-FE1DCAF52032}.Debug|x64.Build.0 = Debug|x64
		{E9B38FD0-8982-4C06-9B20-FE1DCAF52032}.Debug|x86.ActiveCfg = Debug|Win32
		{E9B38FD0-8982-4C06-9B20-FE1DCAF52032}.Debug|x86.Build.0 = Debug|Win32
		{E9B38FD0-8982-4C06-9B20-FE1DCAF52032}.Release|x64.ActiveCfg = Release|x64
		{E9B38FD0-8982-4C06-9B20-FE1DCAF52032}.Release|x64.Build.0 = Release|x64
		{E9B38FD0-8982-4C06-9B20-FE1DCAF52032}.Release|x86.ActiveCfg = Release|Win32
		{E9B38FD0-8982-4C06-9B20-FE1DCAF52032}.Release|x86.Build.0 = Release|Win32
		{9510365D-DA8B-43FF-9F41-B0FAF96FDCBD}.Debug|x64.ActiveCfg = Debug|x64
		{9510365D-DA8B-43FF-9F41-B0FAF96FDCBD}.Debug|x64.Build.0 = Debug|x64
		{9510365D-DA8B-43FF-9F41-B0FAF96FDCBD}.Debug|x86.ActiveCfg = Debug|Win32
		{9510365D-DA8B-43FF-9F41-B0FAF96FDCBD}.Debug|x86.Build.0 = Debug|Win32
		{9510365D-DA8B-43FF-9F41-B0FAF96FDCBD}.Release|x64.ActiveCfg = Release|x64
		{9510365D-DA8B-43FF-9F41-B0FAF96FDCBD}.Release|x64.Build.0 = Release|x64
		{9510365D-DA8B-43FF-9F41-B0FAF96FDCBD}.Release|x86.ActiveCfg = Release|Win32
		{9510365D-DA8B-43FF-9F41-B0FAF96FDCBD}.Release|x86.Build.0 = Release|Win32
	EndGlobalSection
	GlobalSection(SolutionProperties) = preSolution
		HideSolutionNode = FALSE
	EndGlobalSection
	GlobalSection(NestedProjects) = preSolution
		{DE5BAEB9-EB61-4B2B-86A3-E2A076534968} = {01E24E07-87F2-490D-A439-EBFE9A34C27E}
		{C3B97EC3-B8D5-4CC3-B204-6D25EBDCC3A5} = {593F365E-A666-4E50-96A7-671063B429B4}
		{DA044CAF-DB3D-4FAD-ACB0-540C90550383} = {593F365E-A666-4E50-96A7-671063B429B4}
		{A9AF42D0-BEC3-49C8-8C5F-5DF7A286B9B8} = {593F365E-A666-4E50-96A7-671063B429B4}
		{BF9A7B54-5F8E-4294-996A-6D87797923E3} = {B1DFC1DD-D54C-4F3A-BFFC-C33B037F560E}
		{EE4B2B4F-D4AE-48FC-B793-FEFDDEEE93D2} = {B1DFC1DD-D54C-4F3A-BFFC-C33B037F560E}
		{E9B38FD0-8982-4C06-9B20-FE1DCAF52032} = {01E24E07-87F2-490D-A439-EBFE9A34C27E}
		{9510365D-DA8B-43FF-9F41-B0FAF96FDCBD} = {01E24E07-87F2-490D-A439-EBFE9A34C27E}
	EndGlobalSection
	GlobalSection(ExtensibilityGlobals) = postSolution
		SolutionGuid = {14526E42-324F-4DFE-89AE-D15C823EA0B8}
	EndGlobalSection
EndGlobal
